
Microsoft Visual Studio Solution File, Format Version 12.00
# Visual Studio Version 16
VisualStudioVersion = 16.0.29418.71
MinimumVisualStudioVersion = 10.0.40219.1
Project("{FAE04EC0-301F-11D3-BF4B-00C04F79EFBC}") = "Gighub", "Gighub.csproj", "{2E2F970B-213E-4330-BBC7-3D6F7BBA33CB}"
EndProject
Global
	GlobalSection(SolutionConfigurationPlatforms) = preSolution
		Debug|Any CPU = Debug|Any CPU
		Release|Any CPU = Release|Any CPU
	EndGlobalSection
	GlobalSection(ProjectConfigurationPlatforms) = postSolution
		{2E2F970B-213E-4330-BBC7-3D6F7BBA33CB}.Debug|Any CPU.ActiveCfg = Debug|Any CPU
		{2E2F970B-213E-4330-BBC7-3D6F7BBA33CB}.Debug|Any CPU.Build.0 = Debug|Any CPU
		{2E2F970B-213E-4330-BBC7-3D6F7BBA33CB}.Release|Any CPU.ActiveCfg = Release|Any CPU
		{2E2F970B-213E-4330-BBC7-3D6F7BBA33CB}.Release|Any CPU.Build.0 = Release|Any CPU
	EndGlobalSection
	GlobalSection(SolutionProperties) = preSolution
		HideSolutionNode = FALSE
	EndGlobalSection
	GlobalSection(ExtensibilityGlobals) = postSolution
		SolutionGuid = {9EBD99E0-1ADC-4856-AEB4-9A0807018E5E}
	EndGlobalSection
EndGlobal
